// !$*UTF8*$!
{
	archiveVersion = 1;
	classes = {
	};
	objectVersion = 46;
	objects = {

/* Begin PBXBuildFile section */
		F82B936D1DBA4E0A002F0C51 /* AppDelegate.swift in Sources */ = {isa = PBXBuildFile; fileRef = F82B936C1DBA4E0A002F0C51 /* AppDelegate.swift */; };
		F82B936F1DBA4E0A002F0C51 /* ViewController.swift in Sources */ = {isa = PBXBuildFile; fileRef = F82B936E1DBA4E0A002F0C51 /* ViewController.swift */; };
		F82B93721DBA4E0A002F0C51 /* Main.storyboard in Resources */ = {isa = PBXBuildFile; fileRef = F82B93701DBA4E0A002F0C51 /* Main.storyboard */; };
		F82B93741DBA4E0A002F0C51 /* Assets.xcassets in Resources */ = {isa = PBXBuildFile; fileRef = F82B93731DBA4E0A002F0C51 /* Assets.xcassets */; };
		F82B93771DBA4E0A002F0C51 /* LaunchScreen.storyboard in Resources */ = {isa = PBXBuildFile; fileRef = F82B93751DBA4E0A002F0C51 /* LaunchScreen.storyboard */; };
/* End PBXBuildFile section */

/* Begin PBXFileReference section */
		F82B93691DBA4E0A002F0C51 /* Watson Cardiology.app */ = {isa = PBXFileReference; explicitFileType = wrapper.application; includeInIndex = 0; path = "Watson Cardiology.app"; sourceTree = BUILT_PRODUCTS_DIR; };
		F82B936C1DBA4E0A002F0C51 /* AppDelegate.swift */ = {isa = PBXFileReference; lastKnownFileType = sourcecode.swift; path = AppDelegate.swift; sourceTree = "<group>"; };
		F82B936E1DBA4E0A002F0C51 /* ViewController.swift */ = {isa = PBXFileReference; lastKnownFileType = sourcecode.swift; path = ViewController.swift; sourceTree = "<group>"; };
		F82B93711DBA4E0A002F0C51 /* Base */ = {isa = PBXFileReference; lastKnownFileType = file.storyboard; name = Base; path = Base.lproj/Main.storyboard; sourceTree = "<group>"; };
		F82B93731DBA4E0A002F0C51 /* Assets.xcassets */ = {isa = PBXFileReference; lastKnownFileType = folder.assetcatalog; path = Assets.xcassets; sourceTree = "<group>"; };
		F82B93761DBA4E0A002F0C51 /* Base */ = {isa = PBXFileReference; lastKnownFileType = file.storyboard; name = Base; path = Base.lproj/LaunchScreen.storyboard; sourceTree = "<group>"; };
		F82B93781DBA4E0A002F0C51 /* Info.plist */ = {isa = PBXFileReference; lastKnownFileType = text.plist.xml; path = Info.plist; sourceTree = "<group>"; };
/* End PBXFileReference section */

/* Begin PBXFrameworksBuildPhase section */
		F82B93661DBA4E0A002F0C51 /* Frameworks */ = {
			isa = PBXFrameworksBuildPhase;
			buildActionMask = 2147483647;
			files = (
			);
			runOnlyForDeploymentPostprocessing = 0;
		};
/* End PBXFrameworksBuildPhase section */

/* Begin PBXGroup section */
		F82B93601DBA4E0A002F0C51 = {
			isa = PBXGroup;
			children = (
				F82B936B1DBA4E0A002F0C51 /* Watson Cardiology */,
				F82B936A1DBA4E0A002F0C51 /* Products */,
			);
			sourceTree = "<group>";
		};
		F82B936A1DBA4E0A002F0C51 /* Products */ = {
			isa = PBXGroup;
			children = (
				F82B93691DBA4E0A002F0C51 /* Watson Cardiology.app */,
			);
			name = Products;
			sourceTree = "<group>";
		};
		F82B936B1DBA4E0A002F0C51 /* Watson Cardiology */ = {
			isa = PBXGroup;
			children = (
				F82B936C1DBA4E0A002F0C51 /* AppDelegate.swift */,
				F82B936E1DBA4E0A002F0C51 /* ViewController.swift */,
				F82B93701DBA4E0A002F0C51 /* Main.storyboard */,
				F82B93731DBA4E0A002F0C51 /* Assets.xcassets */,
				F82B93751DBA4E0A002F0C51 /* LaunchScreen.storyboard */,
				F82B93781DBA4E0A002F0C51 /* Info.plist */,
			);
			path = "Watson Cardiology";
			sourceTree = "<group>";
		};
/* End PBXGroup section */

/* Begin PBXNativeTarget section */
		F82B93681DBA4E0A002F0C51 /* Watson Cardiology */ = {
			isa = PBXNativeTarget;
			buildConfigurationList = F82B937B1DBA4E0A002F0C51 /* Build configuration list for PBXNativeTarget "Watson Cardiology" */;
			buildPhases = (
				F82B93651DBA4E0A002F0C51 /* Sources */,
				F82B93661DBA4E0A002F0C51 /* Frameworks */,
				F82B93671DBA4E0A002F0C51 /* Resources */,
			);
			buildRules = (
			);
			dependencies = (
			);
			name = "Watson Cardiology";
			productName = "Watson Cardiology";
			productReference = F82B93691DBA4E0A002F0C51 /* Watson Cardiology.app */;
			productType = "com.apple.product-type.application";
		};
/* End PBXNativeTarget section */

/* Begin PBXProject section */
		F82B93611DBA4E0A002F0C51 /* Project object */ = {
			isa = PBXProject;
			attributes = {
				LastSwiftUpdateCheck = 0800;
				LastUpgradeCheck = 0800;
				ORGANIZATIONNAME = "Saurabh Sikka";
				TargetAttributes = {
					F82B93681DBA4E0A002F0C51 = {
						CreatedOnToolsVersion = 8.0;
						DevelopmentTeam = XSB6YPP53Z;
						ProvisioningStyle = Automatic;
					};
				};
			};
			buildConfigurationList = F82B93641DBA4E0A002F0C51 /* Build configuration list for PBXProject "Watson Cardiology" */;
			compatibilityVersion = "Xcode 3.2";
			developmentRegion = English;
			hasScannedForEncodings = 0;
			knownRegions = (
				en,
				Base,
			);
			mainGroup = F82B93601DBA4E0A002F0C51;
			productRefGroup = F82B936A1DBA4E0A002F0C51 /* Products */;
			projectDirPath = "";
			projectRoot = "";
			targets = (
				F82B93681DBA4E0A002F0C51 /* Watson Cardiology */,
			);
		};
/* End PBXProject section */

/* Begin PBXResourcesBuildPhase section */
		F82B93671DBA4E0A002F0C51 /* Resources */ = {
			isa = PBXResourcesBuildPhase;
			buildActionMask = 2147483647;
			files = (
				F82B93771DBA4E0A002F0C51 /* LaunchScreen.storyboard in Resources */,
				F82B93741DBA4E0A002F0C51 /* Assets.xcassets in Resources */,
				F82B93721DBA4E0A002F0C51 /* Main.storyboard in Resources */,
			);
			runOnlyForDeploymentPostprocessing = 0;
		};
/* End PBXResourcesBuildPhase section */

/* Begin PBXSourcesBuildPhase section */
		F82B93651DBA4E0A002F0C51 /* Sources */ = {
			isa = PBXSourcesBuildPhase;
			buildActionMask = 2147483647;
			files = (
				F82B936F1DBA4E0A002F0C51 /* ViewController.swift in Sources */,
				F82B936D1DBA4E0A002F0C51 /* AppDelegate.swift in Sources */,
			);
			runOnlyForDeploymentPostprocessing = 0;
		};
/* End PBXSourcesBuildPhase section */

/* Begin PBXVariantGroup section */
		F82B93701DBA4E0A002F0C51 /* Main.storyboard */ = {
			isa = PBXVariantGroup;
			children = (
				F82B93711DBA4E0A002F0C51 /* Base */,
			);
			name = Main.storyboard;
			sourceTree = "<group>";
		};
		F82B93751DBA4E0A002F0C51 /* LaunchScreen.storyboard */ = {
			isa = PBXVariantGroup;
			children = (
				F82B93761DBA4E0A002F0C51 /* Base */,
			);
			name = LaunchScreen.storyboard;
			sourceTree = "<group>";
		};
/* End PBXVariantGroup section */

/* Begin XCBuildConfiguration section */
		F82B93791DBA4E0A002F0C51 /* Debug */ = {
			isa = XCBuildConfiguration;
			buildSettings = {
				ALWAYS_SEARCH_USER_PATHS = NO;
				CLANG_ANALYZER_NONNULL = YES;
				CLANG_CXX_LANGUAGE_STANDARD = "gnu++0x";
				CLANG_CXX_LIBRARY = "libc++";
				CLANG_ENABLE_MODULES = YES;
				CLANG_ENABLE_OBJC_ARC = YES;
				CLANG_WARN_BOOL_CONVERSION = YES;
				CLANG_WARN_CONSTANT_CONVERSION = YES;
				CLANG_WARN_DIRECT_OBJC_ISA_USAGE = YES_ERROR;
				CLANG_WARN_DOCUMENTATION_COMMENTS = YES;
				CLANG_WARN_EMPTY_BODY = YES;
				CLANG_WARN_ENUM_CONVERSION = YES;
				CLANG_WARN_INFINITE_RECURSION = YES;
				CLANG_WARN_INT_CONVERSION = YES;
				CLANG_WARN_OBJC_ROOT_CLASS = YES_ERROR;
				CLANG_WARN_SUSPICIOUS_MOVES = YES;
				CLANG_WARN_UNREACHABLE_CODE = YES;
				CLANG_WARN__DUPLICATE_METHOD_MATCH = YES;
				"CODE_SIGN_IDENTITY[sdk=iphoneos*]" = "iPhone Developer";
				COPY_PHASE_STRIP = NO;
				DEBUG_INFORMATION_FORMAT = dwarf;
				ENABLE_STRICT_OBJC_MSGSEND = YES;
				ENABLE_TESTABILITY = YES;
				GCC_C_LANGUAGE_STANDARD = gnu99;
				GCC_DYNAMIC_NO_PIC = NO;
				GCC_NO_COMMON_BLOCKS = YES;
				GCC_OPTIMIZATION_LEVEL = 0;
				GCC_PREPROCESSOR_DEFINITIONS = (
					"DEBUG=1",
					"$(inherited)",
				);
				GCC_WARN_64_TO_32_BIT_CONVERSION = YES;
				GCC_WARN_ABOUT_RETURN_TYPE = YES_ERROR;
				GCC_WARN_UNDECLARED_SELECTOR = YES;
				GCC_WARN_UNINITIALIZED_AUTOS = YES_AGGRESSIVE;
				GCC_WARN_UNUSED_FUNCTION = YES;
				GCC_WARN_UNUSED_VARIABLE = YES;
				IPHONEOS_DEPLOYMENT_TARGET = 10.0;
				MTL_ENABLE_DEBUG_INFO = YES;
				ONLY_ACTIVE_ARCH = YES;
				SDKROOT = iphoneos;
				SWIFT_ACTIVE_COMPILATION_CONDITIONS = DEBUG;
				SWIFT_OPTIMIZATION_LEVEL = "-Onone";
			};
			name = Debug;
		};
		F82B937A1DBA4E0A002F0C51 /* Release */ = {
			isa = XCBuildConfiguration;
			buildSettings = {
				ALWAYS_SEARCH_USER_PATHS = NO;
				CLANG_ANALYZER_NONNULL = YES;
				CLANG_CXX_LANGUAGE_STANDARD = "gnu++0x";
				CLANG_CXX_LIBRARY = "libc++";
				CLANG_ENABLE_MODULES = YES;
				CLANG_ENABLE_OBJC_ARC = YES;
				CLANG_WARN_BOOL_CONVERSION = YES;
				CLANG_WARN_CONSTANT_CONVERSION = YES;
				CLANG_WARN_DIRECT_OBJC_ISA_USAGE = YES_ERROR;
				CLANG_WARN_DOCUMENTATION_COMMENTS = YES;
				CLANG_WARN_EMPTY_BODY = YES;
				CLANG_WARN_ENUM_CONVERSION = YES;
				CLANG_WARN_INFINITE_RECURSION = YES;
				CLANG_WARN_INT_CONVERSION = YES;
				CLANG_WARN_OBJC_ROOT_CLASS = YES_ERROR;
				CLANG_WARN_SUSPICIOUS_MOVES = YES;
				CLANG_WARN_UNREACHABLE_CODE = YES;
				CLANG_WARN__DUPLICATE_METHOD_MATCH = YES;
				"CODE_SIGN_IDENTITY[sdk=iphoneos*]" = "iPhone Developer";
				COPY_PHASE_STRIP = NO;
				DEBUG_INFORMATION_FORMAT = "dwarf-with-dsym";
				ENABLE_NS_ASSERTIONS = NO;
				ENABLE_STRICT_OBJC_MSGSEND = YES;
				GCC_C_LANGUAGE_STANDARD = gnu99;
				GCC_NO_COMMON_BLOCKS = YES;
				GCC_WARN_64_TO_32_BIT_CONVERSION = YES;
				GCC_WARN_ABOUT_RETURN_TYPE = YES_ERROR;
				GCC_WARN_UNDECLARED_SELECTOR = YES;
				GCC_WARN_UNINITIALIZED_AUTOS = YES_AGGRESSIVE;
				GCC_WARN_UNUSED_FUNCTION = YES;
				GCC_WARN_UNUSED_VARIABLE = YES;
				IPHONEOS_DEPLOYMENT_TARGET = 10.0;
				MTL_ENABLE_DEBUG_INFO = NO;
				SDKROOT = iphoneos;
				SWIFT_OPTIMIZATION_LEVEL = "-Owholemodule";
				VALIDATE_PRODUCT = YES;
			};
			name = Release;
		};
		F82B937C1DBA4E0A002F0C51 /* Debug */ = {
			isa = XCBuildConfiguration;
			buildSettings = {
				ASSETCATALOG_COMPILER_APPICON_NAME = AppIcon;
				DEVELOPMENT_TEAM = XSB6YPP53Z;
				INFOPLIST_FILE = "Watson Cardiology/Info.plist";
				LD_RUNPATH_SEARCH_PATHS = "$(inherited) @executable_path/Frameworks";
				PRODUCT_BUNDLE_IDENTIFIER = "com.saurabhsikka.Watson-Cardiology";
				PRODUCT_NAME = "$(TARGET_NAME)";
				SWIFT_VERSION = 3.0;
			};
			name = Debug;
		};
		F82B937D1DBA4E0A002F0C51 /* Release */ = {
			isa = XCBuildConfiguration;
			buildSettings = {
				ASSETCATALOG_COMPILER_APPICON_NAME = AppIcon;
				DEVELOPMENT_TEAM = XSB6YPP53Z;
				INFOPLIST_FILE = "Watson Cardiology/Info.plist";
				LD_RUNPATH_SEARCH_PATHS = "$(inherited) @executable_path/Frameworks";
				PRODUCT_BUNDLE_IDENTIFIER = "com.saurabhsikka.Watson-Cardiology";
				PRODUCT_NAME = "$(TARGET_NAME)";
				SWIFT_VERSION = 3.0;
			};
			name = Release;
		};
/* End XCBuildConfiguration section */

/* Begin XCConfigurationList section */
		F82B93641DBA4E0A002F0C51 /* Build configuration list for PBXProject "Watson Cardiology" */ = {
			isa = XCConfigurationList;
			buildConfigurations = (
				F82B93791DBA4E0A002F0C51 /* Debug */,
				F82B937A1DBA4E0A002F0C51 /* Release */,
			);
			defaultConfigurationIsVisible = 0;
			defaultConfigurationName = Release;
		};
		F82B937B1DBA4E0A002F0C51 /* Build configuration list for PBXNativeTarget "Watson Cardiology" */ = {
			isa = XCConfigurationList;
			buildConfigurations = (
				F82B937C1DBA4E0A002F0C51 /* Debug */,
				F82B937D1DBA4E0A002F0C51 /* Release */,
			);
			defaultConfigurationIsVisible = 0;
		};
/* End XCConfigurationList section */
	};
	rootObject = F82B93611DBA4E0A002F0C51 /* Project object */;
}
