PODS:
  - Alamofire (3.5.0)
  - Freddy (2.1.0)
  - JSQMessagesViewController (7.3.4):
    - JSQSystemSoundPlayer (~> 2.0.1)
  - JSQSystemSoundPlayer (2.0.1)

DEPENDENCIES:
  - Alamofire (= 3.5.0)
  - Freddy (= 2.1.0)
  - JSQMessagesViewController (= 7.3.4)

SPEC CHECKSUMS:
  Alamofire: b70a7352335f8ea5babd0a923eb7e8eacc67b877
  Freddy: bbdca013977db29638b24baf6572ce94452bec29
  JSQMessagesViewController: 39fed975e3c9f8eba7292071e29eeb541d105e66
  JSQSystemSoundPlayer: c5850e77a4363ffd374cd851154b9af93264ed8d

PODFILE CHECKSUM: b5790b9946f33f2e1c307385fde1427cfc5ff7bb

COCOAPODS: 1.1.0.rc.3
